{
  "name": "giraffeorduck.com",
  "lockfileVersion": 3,
  "requires": true,
  "packages": {
    "": {
      "dependencies": {
        "sharer.js": "^0.5.1"
      }
    },
    "node_modules/sharer.js": {
      "version": "0.5.1",
      "resolved": "https://registry.npmjs.org/sharer.js/-/sharer.js-0.5.1.tgz",
      "integrity": "sha512-d3rCcMxLsLwyneyy09yaVdUhI6yJ0Ljvi6ZaJFCGWA+BPcgpPauHKm7wcJ4YiZnMDuXN1LGYDo1XvyR3eZQ/3w=="
    }
  }
}
